<?xml version="1.0" encoding="utf-8"?>
<Project ToolsVersion="4.0" xmlns="http://schemas.microsoft.com/developer/msbuild/2003">
  <ItemGroup>
    <Filter Include="源文件">
      <UniqueIdentifier>{4FC737F1-C7A5-4376-A066-2A32D752A2FF}</UniqueIdentifier>
      <Extensions>cpp;c;cc;cxx;c++;cppm;ixx;def;odl;idl;hpj;bat;asm;asmx</Extensions>
    </Filter>
    <Filter Include="头文件">
      <UniqueIdentifier>{93995380-89BD-4b04-88EB-625FBE52EBFB}</UniqueIdentifier>
      <Extensions>h;hh;hpp;hxx;h++;hm;inl;inc;ipp;xsd</Extensions>
    </Filter>
    <Filter Include="资源文件">
      <UniqueIdentifier>{67DA6AB6-F800-4c08-8B7A-83BB121AAD01}</UniqueIdentifier>
      <Extensions>rc;ico;cur;bmp;dlg;rc2;rct;bin;rgs;gif;jpg;jpeg;jpe;resx;tiff;tif;png;wav;mfcribbon-ms</Extensions>
    </Filter>
    <Filter Include="头文件\UnionFind">
      <UniqueIdentifier>{8aad2cdd-4936-4a58-8609-c613e061008b}</UniqueIdentifier>
    </Filter>
    <Filter Include="头文件\Search">
      <UniqueIdentifier>{956f3162-2633-4ca0-8c57-68ee970a2ebe}</UniqueIdentifier>
    </Filter>
    <Filter Include="头文件\Stack">
      <UniqueIdentifier>{23c18029-94ce-49e3-8475-df39412e18bf}</UniqueIdentifier>
    </Filter>
    <Filter Include="头文件\Sort">
      <UniqueIdentifier>{8bb908a7-9141-4294-9983-d6971961898a}</UniqueIdentifier>
    </Filter>
    <Filter Include="头文件\Common">
      <UniqueIdentifier>{27632283-fd05-48ab-a4e3-446a0d4ffd44}</UniqueIdentifier>
    </Filter>
  </ItemGroup>
  <ItemGroup>
    <ClCompile Include="UnionFind\TestUnionFind.h">
      <Filter>头文件\UnionFind</Filter>
    </ClCompile>
    <ClCompile Include="MainTest.cpp">
      <Filter>源文件</Filter>
    </ClCompile>
    <ClCompile Include="UnionFind\TestUnionFind.cpp">
      <Filter>源文件</Filter>
    </ClCompile>
    <ClCompile Include="Search\TestSearch.cpp">
      <Filter>源文件</Filter>
    </ClCompile>
    <ClCompile Include="Search\BinarySearch.h">
      <Filter>头文件\Search</Filter>
    </ClCompile>
    <ClCompile Include="Search\TestSearch.h">
      <Filter>头文件\Search</Filter>
    </ClCompile>
    <ClCompile Include="Sort\SelectionSort.h">
      <Filter>头文件\Sort</Filter>
    </ClCompile>
    <ClCompile Include="Sort\TestSort.cpp">
      <Filter>源文件</Filter>
    </ClCompile>
  </ItemGroup>
  <ItemGroup>
    <ClInclude Include="UnionFind\UnionFindArray.h">
      <Filter>头文件\UnionFind</Filter>
    </ClInclude>
    <ClInclude Include="UnionFind\UnionFindVector.h">
      <Filter>头文件\UnionFind</Filter>
    </ClInclude>
    <ClInclude Include="UnionFind\UnionFindUnique.h">
      <Filter>头文件\UnionFind</Filter>
    </ClInclude>
    <ClInclude Include="UnionFind\UnionFInd.h">
      <Filter>头文件\UnionFind</Filter>
    </ClInclude>
    <ClInclude Include="Sort\TestSort.h">
      <Filter>头文件\Sort</Filter>
    </ClInclude>
    <ClInclude Include="Common\MeasureTime.h">
      <Filter>头文件\Common</Filter>
    </ClInclude>
    <ClInclude Include="Common\Stub.h">
      <Filter>头文件\Common</Filter>
    </ClInclude>
    <ClInclude Include="Stack\Stack.h">
      <Filter>头文件\Stack</Filter>
    </ClInclude>
    <ClInclude Include="Stack\StackContinuous.h">
      <Filter>头文件\Stack</Filter>
    </ClInclude>
    <ClInclude Include="Stack\StackDispersed.h">
      <Filter>头文件\Stack</Filter>
    </ClInclude>
    <ClInclude Include="Stack\TestStack.h">
      <Filter>头文件\Stack</Filter>
    </ClInclude>
    <ClInclude Include="Common\DataSets.h">
      <Filter>头文件\Common</Filter>
    </ClInclude>
  </ItemGroup>
</Project>